// !$*UTF8*$!
{
	archiveVersion = 1;
	classes = {
	};
	objectVersion = 46;
	objects = {

/* Begin PBXBuildFile section */
		06C182FC1DDFB5DF00E54268 /* AppDelegate.swift in Sources */ = {isa = PBXBuildFile; fileRef = 06C182FB1DDFB5DF00E54268 /* AppDelegate.swift */; };
		06C182FE1DDFB5DF00E54268 /* ViewController.swift in Sources */ = {isa = PBXBuildFile; fileRef = 06C182FD1DDFB5DF00E54268 /* ViewController.swift */; };
		06C183011DDFB5DF00E54268 /* Main.storyboard in Resources */ = {isa = PBXBuildFile; fileRef = 06C182FF1DDFB5DF00E54268 /* Main.storyboard */; };
		06C183031DDFB5DF00E54268 /* Assets.xcassets in Resources */ = {isa = PBXBuildFile; fileRef = 06C183021DDFB5DF00E54268 /* Assets.xcassets */; };
		06C183061DDFB5DF00E54268 /* LaunchScreen.storyboard in Resources */ = {isa = PBXBuildFile; fileRef = 06C183041DDFB5DF00E54268 /* LaunchScreen.storyboard */; };
/* End PBXBuildFile section */

/* Begin PBXFileReference section */
		06C182F81DDFB5DE00E54268 /* liverendering.app */ = {isa = PBXFileReference; explicitFileType = wrapper.application; includeInIndex = 0; path = liverendering.app; sourceTree = BUILT_PRODUCTS_DIR; };
		06C182FB1DDFB5DF00E54268 /* AppDelegate.swift */ = {isa = PBXFileReference; lastKnownFileType = sourcecode.swift; path = AppDelegate.swift; sourceTree = "<group>"; };
		06C182FD1DDFB5DF00E54268 /* ViewController.swift */ = {isa = PBXFileReference; lastKnownFileType = sourcecode.swift; path = ViewController.swift; sourceTree = "<group>"; };
		06C183001DDFB5DF00E54268 /* Base */ = {isa = PBXFileReference; lastKnownFileType = file.storyboard; name = Base; path = Base.lproj/Main.storyboard; sourceTree = "<group>"; };
		06C183021DDFB5DF00E54268 /* Assets.xcassets */ = {isa = PBXFileReference; lastKnownFileType = folder.assetcatalog; path = Assets.xcassets; sourceTree = "<group>"; };
		06C183051DDFB5DF00E54268 /* Base */ = {isa = PBXFileReference; lastKnownFileType = file.storyboard; name = Base; path = Base.lproj/LaunchScreen.storyboard; sourceTree = "<group>"; };
		06C183071DDFB5DF00E54268 /* Info.plist */ = {isa = PBXFileReference; lastKnownFileType = text.plist.xml; path = Info.plist; sourceTree = "<group>"; };
/* End PBXFileReference section */

/* Begin PBXFrameworksBuildPhase section */
		06C182F51DDFB5DE00E54268 /* Frameworks */ = {
			isa = PBXFrameworksBuildPhase;
			buildActionMask = 2147483647;
			files = (
			);
			runOnlyForDeploymentPostprocessing = 0;
		};
/* End PBXFrameworksBuildPhase section */

/* Begin PBXGroup section */
		06C182EF1DDFB5DE00E54268 = {
			isa = PBXGroup;
			children = (
				06C182FA1DDFB5DE00E54268 /* liverendering */,
				06C182F91DDFB5DE00E54268 /* Products */,
			);
			sourceTree = "<group>";
		};
		06C182F91DDFB5DE00E54268 /* Products */ = {
			isa = PBXGroup;
			children = (
				06C182F81DDFB5DE00E54268 /* liverendering.app */,
			);
			name = Products;
			sourceTree = "<group>";
		};
		06C182FA1DDFB5DE00E54268 /* liverendering */ = {
			isa = PBXGroup;
			children = (
				06C182FB1DDFB5DF00E54268 /* AppDelegate.swift */,
				06C182FD1DDFB5DF00E54268 /* ViewController.swift */,
				06C182FF1DDFB5DF00E54268 /* Main.storyboard */,
				06C183021DDFB5DF00E54268 /* Assets.xcassets */,
				06C183041DDFB5DF00E54268 /* LaunchScreen.storyboard */,
				06C183071DDFB5DF00E54268 /* Info.plist */,
			);
			path = liverendering;
			sourceTree = "<group>";
		};
/* End PBXGroup section */

/* Begin PBXNativeTarget section */
		06C182F71DDFB5DE00E54268 /* liverendering */ = {
			isa = PBXNativeTarget;
			buildConfigurationList = 06C1830A1DDFB5DF00E54268 /* Build configuration list for PBXNativeTarget "liverendering" */;
			buildPhases = (
				06C182F41DDFB5DE00E54268 /* Sources */,
				06C182F51DDFB5DE00E54268 /* Frameworks */,
				06C182F61DDFB5DE00E54268 /* Resources */,
			);
			buildRules = (
			);
			dependencies = (
			);
			name = liverendering;
			productName = liverendering;
			productReference = 06C182F81DDFB5DE00E54268 /* liverendering.app */;
			productType = "com.apple.product-type.application";
		};
/* End PBXNativeTarget section */

/* Begin PBXProject section */
		06C182F01DDFB5DE00E54268 /* Project object */ = {
			isa = PBXProject;
			attributes = {
				LastSwiftUpdateCheck = 0810;
				LastUpgradeCheck = 0810;
				ORGANIZATIONNAME = erdgabios;
				TargetAttributes = {
					06C182F71DDFB5DE00E54268 = {
						CreatedOnToolsVersion = 8.1;
						DevelopmentTeam = B9F42LDLFJ;
						ProvisioningStyle = Automatic;
					};
				};
			};
			buildConfigurationList = 06C182F31DDFB5DE00E54268 /* Build configuration list for PBXProject "liverendering" */;
			compatibilityVersion = "Xcode 3.2";
			developmentRegion = English;
			hasScannedForEncodings = 0;
			knownRegions = (
				en,
				Base,
			);
			mainGroup = 06C182EF1DDFB5DE00E54268;
			productRefGroup = 06C182F91DDFB5DE00E54268 /* Products */;
			projectDirPath = "";
			projectRoot = "";
			targets = (
				06C182F71DDFB5DE00E54268 /* liverendering */,
			);
		};
/* End PBXProject section */

/* Begin PBXResourcesBuildPhase section */
		06C182F61DDFB5DE00E54268 /* Resources */ = {
			isa = PBXResourcesBuildPhase;
			buildActionMask = 2147483647;
			files = (
				06C183061DDFB5DF00E54268 /* LaunchScreen.storyboard in Resources */,
				06C183031DDFB5DF00E54268 /* Assets.xcassets in Resources */,
				06C183011DDFB5DF00E54268 /* Main.storyboard in Resources */,
			);
			runOnlyForDeploymentPostprocessing = 0;
		};
/* End PBXResourcesBuildPhase section */

/* Begin PBXSourcesBuildPhase section */
		06C182F41DDFB5DE00E54268 /* Sources */ = {
			isa = PBXSourcesBuildPhase;
			buildActionMask = 2147483647;
			files = (
				06C182FE1DDFB5DF00E54268 /* ViewController.swift in Sources */,
				06C182FC1DDFB5DF00E54268 /* AppDelegate.swift in Sources */,
			);
			runOnlyForDeploymentPostprocessing = 0;
		};
/* End PBXSourcesBuildPhase section */

/* Begin PBXVariantGroup section */
		06C182FF1DDFB5DF00E54268 /* Main.storyboard */ = {
			isa = PBXVariantGroup;
			children = (
				06C183001DDFB5DF00E54268 /* Base */,
			);
			name = Main.storyboard;
			sourceTree = "<group>";
		};
		06C183041DDFB5DF00E54268 /* LaunchScreen.storyboard */ = {
			isa = PBXVariantGroup;
			children = (
				06C183051DDFB5DF00E54268 /* Base */,
			);
			name = LaunchScreen.storyboard;
			sourceTree = "<group>";
		};
/* End PBXVariantGroup section */

/* Begin XCBuildConfiguration section */
		06C183081DDFB5DF00E54268 /* Debug */ = {
			isa = XCBuildConfiguration;
			buildSettings = {
				ALWAYS_SEARCH_USER_PATHS = NO;
				CLANG_ANALYZER_NONNULL = YES;
				CLANG_CXX_LANGUAGE_STANDARD = "gnu++0x";
				CLANG_CXX_LIBRARY = "libc++";
				CLANG_ENABLE_MODULES = YES;
				CLANG_ENABLE_OBJC_ARC = YES;
				CLANG_WARN_BOOL_CONVERSION = YES;
				CLANG_WARN_CONSTANT_CONVERSION = YES;
				CLANG_WARN_DIRECT_OBJC_ISA_USAGE = YES_ERROR;
				CLANG_WARN_DOCUMENTATION_COMMENTS = YES;
				CLANG_WARN_EMPTY_BODY = YES;
				CLANG_WARN_ENUM_CONVERSION = YES;
				CLANG_WARN_INFINITE_RECURSION = YES;
				CLANG_WARN_INT_CONVERSION = YES;
				CLANG_WARN_OBJC_ROOT_CLASS = YES_ERROR;
				CLANG_WARN_SUSPICIOUS_MOVES = YES;
				CLANG_WARN_UNREACHABLE_CODE = YES;
				CLANG_WARN__DUPLICATE_METHOD_MATCH = YES;
				"CODE_SIGN_IDENTITY[sdk=iphoneos*]" = "iPhone Developer";
				COPY_PHASE_STRIP = NO;
				DEBUG_INFORMATION_FORMAT = dwarf;
				ENABLE_STRICT_OBJC_MSGSEND = YES;
				ENABLE_TESTABILITY = YES;
				GCC_C_LANGUAGE_STANDARD = gnu99;
				GCC_DYNAMIC_NO_PIC = NO;
				GCC_NO_COMMON_BLOCKS = YES;
				GCC_OPTIMIZATION_LEVEL = 0;
				GCC_PREPROCESSOR_DEFINITIONS = (
					"DEBUG=1",
					"$(inherited)",
				);
				GCC_WARN_64_TO_32_BIT_CONVERSION = YES;
				GCC_WARN_ABOUT_RETURN_TYPE = YES_ERROR;
				GCC_WARN_UNDECLARED_SELECTOR = YES;
				GCC_WARN_UNINITIALIZED_AUTOS = YES_AGGRESSIVE;
				GCC_WARN_UNUSED_FUNCTION = YES;
				GCC_WARN_UNUSED_VARIABLE = YES;
				IPHONEOS_DEPLOYMENT_TARGET = 10.1;
				MTL_ENABLE_DEBUG_INFO = YES;
				ONLY_ACTIVE_ARCH = YES;
				SDKROOT = iphoneos;
				SWIFT_ACTIVE_COMPILATION_CONDITIONS = DEBUG;
				SWIFT_OPTIMIZATION_LEVEL = "-Onone";
				TARGETED_DEVICE_FAMILY = "1,2";
			};
			name = Debug;
		};
		06C183091DDFB5DF00E54268 /* Release */ = {
			isa = XCBuildConfiguration;
			buildSettings = {
				ALWAYS_SEARCH_USER_PATHS = NO;
				CLANG_ANALYZER_NONNULL = YES;
				CLANG_CXX_LANGUAGE_STANDARD = "gnu++0x";
				CLANG_CXX_LIBRARY = "libc++";
				CLANG_ENABLE_MODULES = YES;
				CLANG_ENABLE_OBJC_ARC = YES;
				CLANG_WARN_BOOL_CONVERSION = YES;
				CLANG_WARN_CONSTANT_CONVERSION = YES;
				CLANG_WARN_DIRECT_OBJC_ISA_USAGE = YES_ERROR;
				CLANG_WARN_DOCUMENTATION_COMMENTS = YES;
				CLANG_WARN_EMPTY_BODY = YES;
				CLANG_WARN_ENUM_CONVERSION = YES;
				CLANG_WARN_INFINITE_RECURSION = YES;
				CLANG_WARN_INT_CONVERSION = YES;
				CLANG_WARN_OBJC_ROOT_CLASS = YES_ERROR;
				CLANG_WARN_SUSPICIOUS_MOVES = YES;
				CLANG_WARN_UNREACHABLE_CODE = YES;
				CLANG_WARN__DUPLICATE_METHOD_MATCH = YES;
				"CODE_SIGN_IDENTITY[sdk=iphoneos*]" = "iPhone Developer";
				COPY_PHASE_STRIP = NO;
				DEBUG_INFORMATION_FORMAT = "dwarf-with-dsym";
				ENABLE_NS_ASSERTIONS = NO;
				ENABLE_STRICT_OBJC_MSGSEND = YES;
				GCC_C_LANGUAGE_STANDARD = gnu99;
				GCC_NO_COMMON_BLOCKS = YES;
				GCC_WARN_64_TO_32_BIT_CONVERSION = YES;
				GCC_WARN_ABOUT_RETURN_TYPE = YES_ERROR;
				GCC_WARN_UNDECLARED_SELECTOR = YES;
				GCC_WARN_UNINITIALIZED_AUTOS = YES_AGGRESSIVE;
				GCC_WARN_UNUSED_FUNCTION = YES;
				GCC_WARN_UNUSED_VARIABLE = YES;
				IPHONEOS_DEPLOYMENT_TARGET = 10.1;
				MTL_ENABLE_DEBUG_INFO = NO;
				SDKROOT = iphoneos;
				SWIFT_OPTIMIZATION_LEVEL = "-Owholemodule";
				TARGETED_DEVICE_FAMILY = "1,2";
				VALIDATE_PRODUCT = YES;
			};
			name = Release;
		};
		06C1830B1DDFB5DF00E54268 /* Debug */ = {
			isa = XCBuildConfiguration;
			buildSettings = {
				ASSETCATALOG_COMPILER_APPICON_NAME = AppIcon;
				DEVELOPMENT_TEAM = B9F42LDLFJ;
				INFOPLIST_FILE = liverendering/Info.plist;
				LD_RUNPATH_SEARCH_PATHS = "$(inherited) @executable_path/Frameworks";
				PRODUCT_BUNDLE_IDENTIFIER = com.erdgabios.liverendering;
				PRODUCT_NAME = "$(TARGET_NAME)";
				SWIFT_VERSION = 3.0;
			};
			name = Debug;
		};
		06C1830C1DDFB5DF00E54268 /* Release */ = {
			isa = XCBuildConfiguration;
			buildSettings = {
				ASSETCATALOG_COMPILER_APPICON_NAME = AppIcon;
				DEVELOPMENT_TEAM = B9F42LDLFJ;
				INFOPLIST_FILE = liverendering/Info.plist;
				LD_RUNPATH_SEARCH_PATHS = "$(inherited) @executable_path/Frameworks";
				PRODUCT_BUNDLE_IDENTIFIER = com.erdgabios.liverendering;
				PRODUCT_NAME = "$(TARGET_NAME)";
				SWIFT_VERSION = 3.0;
			};
			name = Release;
		};
/* End XCBuildConfiguration section */

/* Begin XCConfigurationList section */
		06C182F31DDFB5DE00E54268 /* Build configuration list for PBXProject "liverendering" */ = {
			isa = XCConfigurationList;
			buildConfigurations = (
				06C183081DDFB5DF00E54268 /* Debug */,
				06C183091DDFB5DF00E54268 /* Release */,
			);
			defaultConfigurationIsVisible = 0;
			defaultConfigurationName = Release;
		};
		06C1830A1DDFB5DF00E54268 /* Build configuration list for PBXNativeTarget "liverendering" */ = {
			isa = XCConfigurationList;
			buildConfigurations = (
				06C1830B1DDFB5DF00E54268 /* Debug */,
				06C1830C1DDFB5DF00E54268 /* Release */,
			);
			defaultConfigurationIsVisible = 0;
		};
/* End XCConfigurationList section */
	};
	rootObject = 06C182F01DDFB5DE00E54268 /* Project object */;
}
